// !$*UTF8*$!
{
	archiveVersion = 1;
	classes = {
	};
	objectVersion = 55;
	objects = {

/* Begin PBXBuildFile section */
		86086F8D2886265600A29C0F /* advCornerRadius.swift in Sources */ = {isa = PBXBuildFile; fileRef = 86086F8C2886265600A29C0F /* advCornerRadius.swift */; };
		860C27902873874500ED962C /* mf.yaml in Resources */ = {isa = PBXBuildFile; fileRef = 860C278F2873874500ED962C /* mf.yaml */; };
		860C279228738E9E00ED962C /* typeBook.swift in Sources */ = {isa = PBXBuildFile; fileRef = 860C279128738E9E00ED962C /* typeBook.swift */; };
		860C279428738F7D00ED962C /* modelBooks.swift in Sources */ = {isa = PBXBuildFile; fileRef = 860C279328738F7D00ED962C /* modelBooks.swift */; };
		860C27962873909C00ED962C /* syno-mf.json in Resources */ = {isa = PBXBuildFile; fileRef = 860C27952873909C00ED962C /* syno-mf.json */; };
		860C27982874EB2400ED962C /* viewTaskReadExcerpt.swift in Sources */ = {isa = PBXBuildFile; fileRef = 860C27972874EB2400ED962C /* viewTaskReadExcerpt.swift */; };
		860DBE0A28BA7B2200862334 /* advAudioManager.swift in Sources */ = {isa = PBXBuildFile; fileRef = 860DBE0928BA7B2200862334 /* advAudioManager.swift */; };
		860DBE0C28BB67D700862334 /* advUtility.swift in Sources */ = {isa = PBXBuildFile; fileRef = 860DBE0B28BB67D700862334 /* advUtility.swift */; };
		861667A228A45E11004AFE7A /* nrt-mf.json in Resources */ = {isa = PBXBuildFile; fileRef = 861667A128A45E11004AFE7A /* nrt-mf.json */; };
		8628DDAD287055A200DC07FD /* advDesignColors.swift in Sources */ = {isa = PBXBuildFile; fileRef = 8628DDAC287055A200DC07FD /* advDesignColors.swift */; };
		8674343628513F7F00A2B9DC /* CourseParables.json in Resources */ = {isa = PBXBuildFile; fileRef = 8674343528513F7F00A2B9DC /* CourseParables.json */; };
		86A91D63284C95BB009B7D71 /* _cepApp.swift in Sources */ = {isa = PBXBuildFile; fileRef = 86A91D62284C95BB009B7D71 /* _cepApp.swift */; };
		86A91D65284C95BB009B7D71 /* viewTasks.swift in Sources */ = {isa = PBXBuildFile; fileRef = 86A91D64284C95BB009B7D71 /* viewTasks.swift */; };
		86A91D67284C95C3009B7D71 /* Assets.xcassets in Resources */ = {isa = PBXBuildFile; fileRef = 86A91D66284C95C3009B7D71 /* Assets.xcassets */; };
		86A91D6A284C95C3009B7D71 /* Preview Assets.xcassets in Resources */ = {isa = PBXBuildFile; fileRef = 86A91D69284C95C3009B7D71 /* Preview Assets.xcassets */; };
		86C707A228A97B7500D76E1A /* viewTaskListenAudio.swift in Sources */ = {isa = PBXBuildFile; fileRef = 86C707A128A97B7500D76E1A /* viewTaskListenAudio.swift */; };
		86C707A428A97CB000D76E1A /* advDesignElements.swift in Sources */ = {isa = PBXBuildFile; fileRef = 86C707A328A97CB000D76E1A /* advDesignElements.swift */; };
		86C707A628A97F3A00D76E1A /* advGlobals.swift in Sources */ = {isa = PBXBuildFile; fileRef = 86C707A528A97F3A00D76E1A /* advGlobals.swift */; };
		86F1760B284D3D3B00ACBC1F /* viewTaskPray.swift in Sources */ = {isa = PBXBuildFile; fileRef = 86F1760A284D3D3A00ACBC1F /* viewTaskPray.swift */; };
		86F1760D284D431700ACBC1F /* viewCourses.swift in Sources */ = {isa = PBXBuildFile; fileRef = 86F1760C284D431700ACBC1F /* viewCourses.swift */; };
		86F17611284D46AF00ACBC1F /* typeCourse.swift in Sources */ = {isa = PBXBuildFile; fileRef = 86F17610284D46AF00ACBC1F /* typeCourse.swift */; };
		86F17613284D47CD00ACBC1F /* modelCourses.swift in Sources */ = {isa = PBXBuildFile; fileRef = 86F17612284D47CD00ACBC1F /* modelCourses.swift */; };
		86F17618284D4AA100ACBC1F /* viewLessonItem.swift in Sources */ = {isa = PBXBuildFile; fileRef = 86F17617284D4AA100ACBC1F /* viewLessonItem.swift */; };
/* End PBXBuildFile section */

/* Begin PBXFileReference section */
		86086F8C2886265600A29C0F /* advCornerRadius.swift */ = {isa = PBXFileReference; lastKnownFileType = sourcecode.swift; path = advCornerRadius.swift; sourceTree = "<group>"; };
		860C278F2873874500ED962C /* mf.yaml */ = {isa = PBXFileReference; lastKnownFileType = text.yaml; path = mf.yaml; sourceTree = "<group>"; };
		860C279128738E9E00ED962C /* typeBook.swift */ = {isa = PBXFileReference; lastKnownFileType = sourcecode.swift; path = typeBook.swift; sourceTree = "<group>"; };
		860C279328738F7D00ED962C /* modelBooks.swift */ = {isa = PBXFileReference; lastKnownFileType = sourcecode.swift; path = modelBooks.swift; sourceTree = "<group>"; };
		860C27952873909C00ED962C /* syno-mf.json */ = {isa = PBXFileReference; lastKnownFileType = text.json; path = "syno-mf.json"; sourceTree = "<group>"; };
		860C27972874EB2400ED962C /* viewTaskReadExcerpt.swift */ = {isa = PBXFileReference; lastKnownFileType = sourcecode.swift; path = viewTaskReadExcerpt.swift; sourceTree = "<group>"; };
		860DBE0928BA7B2200862334 /* advAudioManager.swift */ = {isa = PBXFileReference; lastKnownFileType = sourcecode.swift; path = advAudioManager.swift; sourceTree = "<group>"; };
		860DBE0B28BB67D700862334 /* advUtility.swift */ = {isa = PBXFileReference; lastKnownFileType = sourcecode.swift; path = advUtility.swift; sourceTree = "<group>"; };
		861667A128A45E11004AFE7A /* nrt-mf.json */ = {isa = PBXFileReference; lastKnownFileType = text.json; path = "nrt-mf.json"; sourceTree = "<group>"; };
		8628DDAC287055A200DC07FD /* advDesignColors.swift */ = {isa = PBXFileReference; lastKnownFileType = sourcecode.swift; path = advDesignColors.swift; sourceTree = "<group>"; };
		8674343528513F7F00A2B9DC /* CourseParables.json */ = {isa = PBXFileReference; lastKnownFileType = text.json; path = CourseParables.json; sourceTree = "<group>"; };
		86A91D5F284C95BB009B7D71 /* cep.app */ = {isa = PBXFileReference; explicitFileType = wrapper.application; includeInIndex = 0; path = cep.app; sourceTree = BUILT_PRODUCTS_DIR; };
		86A91D62284C95BB009B7D71 /* _cepApp.swift */ = {isa = PBXFileReference; lastKnownFileType = sourcecode.swift; path = _cepApp.swift; sourceTree = "<group>"; };
		86A91D64284C95BB009B7D71 /* viewTasks.swift */ = {isa = PBXFileReference; lastKnownFileType = sourcecode.swift; path = viewTasks.swift; sourceTree = "<group>"; };
		86A91D66284C95C3009B7D71 /* Assets.xcassets */ = {isa = PBXFileReference; lastKnownFileType = folder.assetcatalog; path = Assets.xcassets; sourceTree = "<group>"; };
		86A91D69284C95C3009B7D71 /* Preview Assets.xcassets */ = {isa = PBXFileReference; lastKnownFileType = folder.assetcatalog; path = "Preview Assets.xcassets"; sourceTree = "<group>"; };
		86C707A128A97B7500D76E1A /* viewTaskListenAudio.swift */ = {isa = PBXFileReference; lastKnownFileType = sourcecode.swift; path = viewTaskListenAudio.swift; sourceTree = "<group>"; };
		86C707A328A97CB000D76E1A /* advDesignElements.swift */ = {isa = PBXFileReference; lastKnownFileType = sourcecode.swift; path = advDesignElements.swift; sourceTree = "<group>"; };
		86C707A528A97F3A00D76E1A /* advGlobals.swift */ = {isa = PBXFileReference; lastKnownFileType = sourcecode.swift; path = advGlobals.swift; sourceTree = "<group>"; };
		86F1760A284D3D3A00ACBC1F /* viewTaskPray.swift */ = {isa = PBXFileReference; lastKnownFileType = sourcecode.swift; path = viewTaskPray.swift; sourceTree = "<group>"; };
		86F1760C284D431700ACBC1F /* viewCourses.swift */ = {isa = PBXFileReference; lastKnownFileType = sourcecode.swift; path = viewCourses.swift; sourceTree = "<group>"; };
		86F17610284D46AF00ACBC1F /* typeCourse.swift */ = {isa = PBXFileReference; lastKnownFileType = sourcecode.swift; path = typeCourse.swift; sourceTree = "<group>"; };
		86F17612284D47CD00ACBC1F /* modelCourses.swift */ = {isa = PBXFileReference; lastKnownFileType = sourcecode.swift; path = modelCourses.swift; sourceTree = "<group>"; };
		86F17617284D4AA100ACBC1F /* viewLessonItem.swift */ = {isa = PBXFileReference; lastKnownFileType = sourcecode.swift; path = viewLessonItem.swift; sourceTree = "<group>"; };
/* End PBXFileReference section */

/* Begin PBXFrameworksBuildPhase section */
		86A91D5C284C95BB009B7D71 /* Frameworks */ = {
			isa = PBXFrameworksBuildPhase;
			buildActionMask = 2147483647;
			files = (
			);
			runOnlyForDeploymentPostprocessing = 0;
		};
/* End PBXFrameworksBuildPhase section */

/* Begin PBXGroup section */
		86086F8B2886261400A29C0F /* Adv */ = {
			isa = PBXGroup;
			children = (
				86C707A528A97F3A00D76E1A /* advGlobals.swift */,
				8628DDAC287055A200DC07FD /* advDesignColors.swift */,
				86C707A328A97CB000D76E1A /* advDesignElements.swift */,
				86086F8C2886265600A29C0F /* advCornerRadius.swift */,
				860DBE0928BA7B2200862334 /* advAudioManager.swift */,
				860DBE0B28BB67D700862334 /* advUtility.swift */,
			);
			path = Adv;
			sourceTree = "<group>";
		};
		860C278D2873862D00ED962C /* Bible */ = {
			isa = PBXGroup;
			children = (
				861667A028A44D79004AFE7A /* NRT */,
				860C278E2873863B00ED962C /* SYNO */,
			);
			path = Bible;
			sourceTree = "<group>";
		};
		860C278E2873863B00ED962C /* SYNO */ = {
			isa = PBXGroup;
			children = (
				860C278F2873874500ED962C /* mf.yaml */,
				860C27952873909C00ED962C /* syno-mf.json */,
			);
			path = SYNO;
			sourceTree = "<group>";
		};
		861667A028A44D79004AFE7A /* NRT */ = {
			isa = PBXGroup;
			children = (
				861667A128A45E11004AFE7A /* nrt-mf.json */,
			);
			path = NRT;
			sourceTree = "<group>";
		};
		86A91D56284C95BB009B7D71 = {
			isa = PBXGroup;
			children = (
				86A91D61284C95BB009B7D71 /* cep */,
				86A91D60284C95BB009B7D71 /* Products */,
			);
			sourceTree = "<group>";
		};
		86A91D60284C95BB009B7D71 /* Products */ = {
			isa = PBXGroup;
			children = (
				86A91D5F284C95BB009B7D71 /* cep.app */,
			);
			name = Products;
			sourceTree = "<group>";
		};
		86A91D61284C95BB009B7D71 /* cep */ = {
			isa = PBXGroup;
			children = (
				86A91D62284C95BB009B7D71 /* _cepApp.swift */,
				86F17615284D496200ACBC1F /* Views */,
				86F17616284D498500ACBC1F /* Model */,
				86086F8B2886261400A29C0F /* Adv */,
				86F17614284D494700ACBC1F /* Resources */,
				86A91D66284C95C3009B7D71 /* Assets.xcassets */,
				86A91D68284C95C3009B7D71 /* Preview Content */,
			);
			path = cep;
			sourceTree = "<group>";
		};
		86A91D68284C95C3009B7D71 /* Preview Content */ = {
			isa = PBXGroup;
			children = (
				86A91D69284C95C3009B7D71 /* Preview Assets.xcassets */,
			);
			path = "Preview Content";
			sourceTree = "<group>";
		};
		86F17614284D494700ACBC1F /* Resources */ = {
			isa = PBXGroup;
			children = (
				860C278D2873862D00ED962C /* Bible */,
				8674343528513F7F00A2B9DC /* CourseParables.json */,
			);
			path = Resources;
			sourceTree = "<group>";
		};
		86F17615284D496200ACBC1F /* Views */ = {
			isa = PBXGroup;
			children = (
				86F1760C284D431700ACBC1F /* viewCourses.swift */,
				86F17617284D4AA100ACBC1F /* viewLessonItem.swift */,
				86A91D64284C95BB009B7D71 /* viewTasks.swift */,
				860C27972874EB2400ED962C /* viewTaskReadExcerpt.swift */,
				86C707A128A97B7500D76E1A /* viewTaskListenAudio.swift */,
				86F1760A284D3D3A00ACBC1F /* viewTaskPray.swift */,
			);
			path = Views;
			sourceTree = "<group>";
		};
		86F17616284D498500ACBC1F /* Model */ = {
			isa = PBXGroup;
			children = (
				86F17610284D46AF00ACBC1F /* typeCourse.swift */,
				86F17612284D47CD00ACBC1F /* modelCourses.swift */,
				860C279128738E9E00ED962C /* typeBook.swift */,
				860C279328738F7D00ED962C /* modelBooks.swift */,
			);
			path = Model;
			sourceTree = "<group>";
		};
/* End PBXGroup section */

/* Begin PBXNativeTarget section */
		86A91D5E284C95BB009B7D71 /* cep */ = {
			isa = PBXNativeTarget;
			buildConfigurationList = 86A91D6D284C95C3009B7D71 /* Build configuration list for PBXNativeTarget "cep" */;
			buildPhases = (
				86A91D5B284C95BB009B7D71 /* Sources */,
				86A91D5C284C95BB009B7D71 /* Frameworks */,
				86A91D5D284C95BB009B7D71 /* Resources */,
			);
			buildRules = (
			);
			dependencies = (
			);
			name = cep;
			productName = 23234234;
			productReference = 86A91D5F284C95BB009B7D71 /* cep.app */;
			productType = "com.apple.product-type.application";
		};
/* End PBXNativeTarget section */

/* Begin PBXProject section */
		86A91D57284C95BB009B7D71 /* Project object */ = {
			isa = PBXProject;
			attributes = {
				BuildIndependentTargetsInParallel = 1;
				LastSwiftUpdateCheck = 1340;
				LastUpgradeCheck = 1340;
				TargetAttributes = {
					86A91D5E284C95BB009B7D71 = {
						CreatedOnToolsVersion = 13.4.1;
					};
				};
			};
			buildConfigurationList = 86A91D5A284C95BB009B7D71 /* Build configuration list for PBXProject "cep" */;
			compatibilityVersion = "Xcode 13.0";
			developmentRegion = en;
			hasScannedForEncodings = 0;
			knownRegions = (
				en,
				Base,
			);
			mainGroup = 86A91D56284C95BB009B7D71;
			productRefGroup = 86A91D60284C95BB009B7D71 /* Products */;
			projectDirPath = "";
			projectRoot = "";
			targets = (
				86A91D5E284C95BB009B7D71 /* cep */,
			);
		};
/* End PBXProject section */

/* Begin PBXResourcesBuildPhase section */
		86A91D5D284C95BB009B7D71 /* Resources */ = {
			isa = PBXResourcesBuildPhase;
			buildActionMask = 2147483647;
			files = (
				861667A228A45E11004AFE7A /* nrt-mf.json in Resources */,
				860C27962873909C00ED962C /* syno-mf.json in Resources */,
				860C27902873874500ED962C /* mf.yaml in Resources */,
				86A91D6A284C95C3009B7D71 /* Preview Assets.xcassets in Resources */,
				8674343628513F7F00A2B9DC /* CourseParables.json in Resources */,
				86A91D67284C95C3009B7D71 /* Assets.xcassets in Resources */,
			);
			runOnlyForDeploymentPostprocessing = 0;
		};
/* End PBXResourcesBuildPhase section */

/* Begin PBXSourcesBuildPhase section */
		86A91D5B284C95BB009B7D71 /* Sources */ = {
			isa = PBXSourcesBuildPhase;
			buildActionMask = 2147483647;
			files = (
				86F17613284D47CD00ACBC1F /* modelCourses.swift in Sources */,
				86F17618284D4AA100ACBC1F /* viewLessonItem.swift in Sources */,
				86C707A228A97B7500D76E1A /* viewTaskListenAudio.swift in Sources */,
				860DBE0C28BB67D700862334 /* advUtility.swift in Sources */,
				86F1760B284D3D3B00ACBC1F /* viewTaskPray.swift in Sources */,
				86C707A428A97CB000D76E1A /* advDesignElements.swift in Sources */,
				86A91D65284C95BB009B7D71 /* viewTasks.swift in Sources */,
				86F1760D284D431700ACBC1F /* viewCourses.swift in Sources */,
				860C279228738E9E00ED962C /* typeBook.swift in Sources */,
				860DBE0A28BA7B2200862334 /* advAudioManager.swift in Sources */,
				8628DDAD287055A200DC07FD /* advDesignColors.swift in Sources */,
				86F17611284D46AF00ACBC1F /* typeCourse.swift in Sources */,
				86C707A628A97F3A00D76E1A /* advGlobals.swift in Sources */,
				86086F8D2886265600A29C0F /* advCornerRadius.swift in Sources */,
				860C279428738F7D00ED962C /* modelBooks.swift in Sources */,
				86A91D63284C95BB009B7D71 /* _cepApp.swift in Sources */,
				860C27982874EB2400ED962C /* viewTaskReadExcerpt.swift in Sources */,
			);
			runOnlyForDeploymentPostprocessing = 0;
		};
/* End PBXSourcesBuildPhase section */

/* Begin XCBuildConfiguration section */
		86A91D6B284C95C3009B7D71 /* Debug */ = {
			isa = XCBuildConfiguration;
			buildSettings = {
				ALWAYS_SEARCH_USER_PATHS = NO;
				CLANG_ANALYZER_NONNULL = YES;
				CLANG_ANALYZER_NUMBER_OBJECT_CONVERSION = YES_AGGRESSIVE;
				CLANG_CXX_LANGUAGE_STANDARD = "gnu++17";
				CLANG_ENABLE_MODULES = YES;
				CLANG_ENABLE_OBJC_ARC = YES;
				CLANG_ENABLE_OBJC_WEAK = YES;
				CLANG_WARN_BLOCK_CAPTURE_AUTORELEASING = YES;
				CLANG_WARN_BOOL_CONVERSION = YES;
				CLANG_WARN_COMMA = YES;
				CLANG_WARN_CONSTANT_CONVERSION = YES;
				CLANG_WARN_DEPRECATED_OBJC_IMPLEMENTATIONS = YES;
				CLANG_WARN_DIRECT_OBJC_ISA_USAGE = YES_ERROR;
				CLANG_WARN_DOCUMENTATION_COMMENTS = YES;
				CLANG_WARN_EMPTY_BODY = YES;
				CLANG_WARN_ENUM_CONVERSION = YES;
				CLANG_WARN_INFINITE_RECURSION = YES;
				CLANG_WARN_INT_CONVERSION = YES;
				CLANG_WARN_NON_LITERAL_NULL_CONVERSION = YES;
				CLANG_WARN_OBJC_IMPLICIT_RETAIN_SELF = YES;
				CLANG_WARN_OBJC_LITERAL_CONVERSION = YES;
				CLANG_WARN_OBJC_ROOT_CLASS = YES_ERROR;
				CLANG_WARN_QUOTED_INCLUDE_IN_FRAMEWORK_HEADER = YES;
				CLANG_WARN_RANGE_LOOP_ANALYSIS = YES;
				CLANG_WARN_STRICT_PROTOTYPES = YES;
				CLANG_WARN_SUSPICIOUS_MOVE = YES;
				CLANG_WARN_UNGUARDED_AVAILABILITY = YES_AGGRESSIVE;
				CLANG_WARN_UNREACHABLE_CODE = YES;
				CLANG_WARN__DUPLICATE_METHOD_MATCH = YES;
				COPY_PHASE_STRIP = NO;
				DEBUG_INFORMATION_FORMAT = dwarf;
				ENABLE_STRICT_OBJC_MSGSEND = YES;
				ENABLE_TESTABILITY = YES;
				GCC_C_LANGUAGE_STANDARD = gnu11;
				GCC_DYNAMIC_NO_PIC = NO;
				GCC_NO_COMMON_BLOCKS = YES;
				GCC_OPTIMIZATION_LEVEL = 0;
				GCC_PREPROCESSOR_DEFINITIONS = (
					"DEBUG=1",
					"$(inherited)",
				);
				GCC_WARN_64_TO_32_BIT_CONVERSION = YES;
				GCC_WARN_ABOUT_RETURN_TYPE = YES_ERROR;
				GCC_WARN_UNDECLARED_SELECTOR = YES;
				GCC_WARN_UNINITIALIZED_AUTOS = YES_AGGRESSIVE;
				GCC_WARN_UNUSED_FUNCTION = YES;
				GCC_WARN_UNUSED_VARIABLE = YES;
				IPHONEOS_DEPLOYMENT_TARGET = 15.5;
				MTL_ENABLE_DEBUG_INFO = INCLUDE_SOURCE;
				MTL_FAST_MATH = YES;
				ONLY_ACTIVE_ARCH = YES;
				SDKROOT = iphoneos;
				SWIFT_ACTIVE_COMPILATION_CONDITIONS = DEBUG;
				SWIFT_OPTIMIZATION_LEVEL = "-Onone";
			};
			name = Debug;
		};
		86A91D6C284C95C3009B7D71 /* Release */ = {
			isa = XCBuildConfiguration;
			buildSettings = {
				ALWAYS_SEARCH_USER_PATHS = NO;
				CLANG_ANALYZER_NONNULL = YES;
				CLANG_ANALYZER_NUMBER_OBJECT_CONVERSION = YES_AGGRESSIVE;
				CLANG_CXX_LANGUAGE_STANDARD = "gnu++17";
				CLANG_ENABLE_MODULES = YES;
				CLANG_ENABLE_OBJC_ARC = YES;
				CLANG_ENABLE_OBJC_WEAK = YES;
				CLANG_WARN_BLOCK_CAPTURE_AUTORELEASING = YES;
				CLANG_WARN_BOOL_CONVERSION = YES;
				CLANG_WARN_COMMA = YES;
				CLANG_WARN_CONSTANT_CONVERSION = YES;
				CLANG_WARN_DEPRECATED_OBJC_IMPLEMENTATIONS = YES;
				CLANG_WARN_DIRECT_OBJC_ISA_USAGE = YES_ERROR;
				CLANG_WARN_DOCUMENTATION_COMMENTS = YES;
				CLANG_WARN_EMPTY_BODY = YES;
				CLANG_WARN_ENUM_CONVERSION = YES;
				CLANG_WARN_INFINITE_RECURSION = YES;
				CLANG_WARN_INT_CONVERSION = YES;
				CLANG_WARN_NON_LITERAL_NULL_CONVERSION = YES;
				CLANG_WARN_OBJC_IMPLICIT_RETAIN_SELF = YES;
				CLANG_WARN_OBJC_LITERAL_CONVERSION = YES;
				CLANG_WARN_OBJC_ROOT_CLASS = YES_ERROR;
				CLANG_WARN_QUOTED_INCLUDE_IN_FRAMEWORK_HEADER = YES;
				CLANG_WARN_RANGE_LOOP_ANALYSIS = YES;
				CLANG_WARN_STRICT_PROTOTYPES = YES;
				CLANG_WARN_SUSPICIOUS_MOVE = YES;
				CLANG_WARN_UNGUARDED_AVAILABILITY = YES_AGGRESSIVE;
				CLANG_WARN_UNREACHABLE_CODE = YES;
				CLANG_WARN__DUPLICATE_METHOD_MATCH = YES;
				COPY_PHASE_STRIP = NO;
				DEBUG_INFORMATION_FORMAT = "dwarf-with-dsym";
				ENABLE_NS_ASSERTIONS = NO;
				ENABLE_STRICT_OBJC_MSGSEND = YES;
				GCC_C_LANGUAGE_STANDARD = gnu11;
				GCC_NO_COMMON_BLOCKS = YES;
				GCC_WARN_64_TO_32_BIT_CONVERSION = YES;
				GCC_WARN_ABOUT_RETURN_TYPE = YES_ERROR;
				GCC_WARN_UNDECLARED_SELECTOR = YES;
				GCC_WARN_UNINITIALIZED_AUTOS = YES_AGGRESSIVE;
				GCC_WARN_UNUSED_FUNCTION = YES;
				GCC_WARN_UNUSED_VARIABLE = YES;
				IPHONEOS_DEPLOYMENT_TARGET = 15.5;
				MTL_ENABLE_DEBUG_INFO = NO;
				MTL_FAST_MATH = YES;
				SDKROOT = iphoneos;
				SWIFT_COMPILATION_MODE = wholemodule;
				SWIFT_OPTIMIZATION_LEVEL = "-O";
				VALIDATE_PRODUCT = YES;
			};
			name = Release;
		};
		86A91D6E284C95C3009B7D71 /* Debug */ = {
			isa = XCBuildConfiguration;
			buildSettings = {
				ASSETCATALOG_COMPILER_APPICON_NAME = AppIcon;
				ASSETCATALOG_COMPILER_GLOBAL_ACCENT_COLOR_NAME = AccentColor;
				CODE_SIGN_STYLE = Automatic;
				CURRENT_PROJECT_VERSION = 1;
				DEVELOPMENT_ASSET_PATHS = "\"cep/Preview Content\"";
				DEVELOPMENT_TEAM = 4SC2JCE37N;
				ENABLE_PREVIEWS = YES;
				GENERATE_INFOPLIST_FILE = YES;
				INFOPLIST_KEY_UIApplicationSceneManifest_Generation = YES;
				INFOPLIST_KEY_UIApplicationSupportsIndirectInputEvents = YES;
				INFOPLIST_KEY_UILaunchScreen_Generation = YES;
				INFOPLIST_KEY_UISupportedInterfaceOrientations_iPad = "UIInterfaceOrientationPortrait UIInterfaceOrientationPortraitUpsideDown UIInterfaceOrientationLandscapeLeft UIInterfaceOrientationLandscapeRight";
				INFOPLIST_KEY_UISupportedInterfaceOrientations_iPhone = "UIInterfaceOrientationPortrait UIInterfaceOrientationLandscapeLeft UIInterfaceOrientationLandscapeRight";
				LD_RUNPATH_SEARCH_PATHS = (
					"$(inherited)",
					"@executable_path/Frameworks",
				);
				MARKETING_VERSION = 1.0;
				PRODUCT_BUNDLE_IDENTIFIER = "-56.-3234234";
				PRODUCT_NAME = "$(TARGET_NAME)";
				SWIFT_EMIT_LOC_STRINGS = YES;
				SWIFT_REFLECTION_METADATA_LEVEL = all;
				SWIFT_VERSION = 5.0;
				TARGETED_DEVICE_FAMILY = "1,2";
			};
			name = Debug;
		};
		86A91D6F284C95C3009B7D71 /* Release */ = {
			isa = XCBuildConfiguration;
			buildSettings = {
				ASSETCATALOG_COMPILER_APPICON_NAME = AppIcon;
				ASSETCATALOG_COMPILER_GLOBAL_ACCENT_COLOR_NAME = AccentColor;
				CODE_SIGN_STYLE = Automatic;
				CURRENT_PROJECT_VERSION = 1;
				DEVELOPMENT_ASSET_PATHS = "\"cep/Preview Content\"";
				DEVELOPMENT_TEAM = 4SC2JCE37N;
				ENABLE_PREVIEWS = YES;
				GENERATE_INFOPLIST_FILE = YES;
				INFOPLIST_KEY_UIApplicationSceneManifest_Generation = YES;
				INFOPLIST_KEY_UIApplicationSupportsIndirectInputEvents = YES;
				INFOPLIST_KEY_UILaunchScreen_Generation = YES;
				INFOPLIST_KEY_UISupportedInterfaceOrientations_iPad = "UIInterfaceOrientationPortrait UIInterfaceOrientationPortraitUpsideDown UIInterfaceOrientationLandscapeLeft UIInterfaceOrientationLandscapeRight";
				INFOPLIST_KEY_UISupportedInterfaceOrientations_iPhone = "UIInterfaceOrientationPortrait UIInterfaceOrientationLandscapeLeft UIInterfaceOrientationLandscapeRight";
				LD_RUNPATH_SEARCH_PATHS = (
					"$(inherited)",
					"@executable_path/Frameworks",
				);
				MARKETING_VERSION = 1.0;
				PRODUCT_BUNDLE_IDENTIFIER = "-56.-3234234";
				PRODUCT_NAME = "$(TARGET_NAME)";
				SWIFT_EMIT_LOC_STRINGS = YES;
				SWIFT_REFLECTION_METADATA_LEVEL = all;
				SWIFT_VERSION = 5.0;
				TARGETED_DEVICE_FAMILY = "1,2";
			};
			name = Release;
		};
/* End XCBuildConfiguration section */

/* Begin XCConfigurationList section */
		86A91D5A284C95BB009B7D71 /* Build configuration list for PBXProject "cep" */ = {
			isa = XCConfigurationList;
			buildConfigurations = (
				86A91D6B284C95C3009B7D71 /* Debug */,
				86A91D6C284C95C3009B7D71 /* Release */,
			);
			defaultConfigurationIsVisible = 0;
			defaultConfigurationName = Release;
		};
		86A91D6D284C95C3009B7D71 /* Build configuration list for PBXNativeTarget "cep" */ = {
			isa = XCConfigurationList;
			buildConfigurations = (
				86A91D6E284C95C3009B7D71 /* Debug */,
				86A91D6F284C95C3009B7D71 /* Release */,
			);
			defaultConfigurationIsVisible = 0;
			defaultConfigurationName = Release;
		};
/* End XCConfigurationList section */
	};
	rootObject = 86A91D57284C95BB009B7D71 /* Project object */;
}
